
Microsoft Visual Studio Solution File, Format Version 12.00
# Visual Studio 15
VisualStudioVersion = 15.0.27703.2035
MinimumVisualStudioVersion = 10.0.40219.1
Project("{FAE04EC0-301F-11D3-BF4B-00C04F79EFBC}") = "FosterRefugeeTT", "FosterRefugeeTT\FosterRefugeeTT.csproj", "{79A790DE-2F79-49EE-B4CB-5A1389323594}"
EndProject
Project("{FAE04EC0-301F-11D3-BF4B-00C04F79EFBC}") = "FosterRefugeeTT.Tests", "FosterRefugeeTT.Tests\FosterRefugeeTT.Tests.csproj", "{78E1C397-DCD5-4DC6-88C4-7CD85678401C}"
EndProject
Global
	GlobalSection(SolutionConfigurationPlatforms) = preSolution
		Debug|Any CPU = Debug|Any CPU
		Release|Any CPU = Release|Any CPU
	EndGlobalSection
	GlobalSection(ProjectConfigurationPlatforms) = postSolution
		{79A790DE-2F79-49EE-B4CB-5A1389323594}.Debug|Any CPU.ActiveCfg = Debug|Any CPU
		{79A790DE-2F79-49EE-B4CB-5A1389323594}.Debug|Any CPU.Build.0 = Debug|Any CPU
		{79A790DE-2F79-49EE-B4CB-5A1389323594}.Release|Any CPU.ActiveCfg = Release|Any CPU
		{79A790DE-2F79-49EE-B4CB-5A1389323594}.Release|Any CPU.Build.0 = Release|Any CPU
		{78E1C397-DCD5-4DC6-88C4-7CD85678401C}.Debug|Any CPU.ActiveCfg = Debug|Any CPU
		{78E1C397-DCD5-4DC6-88C4-7CD85678401C}.Debug|Any CPU.Build.0 = Debug|Any CPU
		{78E1C397-DCD5-4DC6-88C4-7CD85678401C}.Release|Any CPU.ActiveCfg = Release|Any CPU
		{78E1C397-DCD5-4DC6-88C4-7CD85678401C}.Release|Any CPU.Build.0 = Release|Any CPU
	EndGlobalSection
	GlobalSection(SolutionProperties) = preSolution
		HideSolutionNode = FALSE
	EndGlobalSection
	GlobalSection(ExtensibilityGlobals) = postSolution
		SolutionGuid = {464D5341-78CF-4F11-89E0-3D353EF4FF2F}
	EndGlobalSection
EndGlobal
